
Microsoft Visual Studio Solution File, Format Version 12.00
# Visual Studio Version 16
VisualStudioVersion = 16.0.29709.97
MinimumVisualStudioVersion = 10.0.40219.1
Project("{FAE04EC0-301F-11D3-BF4B-00C04F79EFBC}") = "Modul001_1_HalloWelt", "Modul001_1_HalloWelt\Modul001_1_HalloWelt.csproj", "{D738990E-89CD-4EAA-A978-2F952A0F995B}"
EndProject
Project("{FAE04EC0-301F-11D3-BF4B-00C04F79EFBC}") = "Modul001_2_Lab", "Modul001_2_Lab\Modul001_2_Lab.csproj", "{8D142DE9-3CCF-4BAF-8988-4919C99F42B3}"
EndProject
Project("{FAE04EC0-301F-11D3-BF4B-00C04F79EFBC}") = "Modul002_1_Kontrollstrukturen", "Modul002_1_Kontrollstrukturen\Modul002_1_Kontrollstrukturen.csproj", "{67FCC64E-E4D8-4B8F-B930-5C946F6563A6}"
EndProject
Project("{FAE04EC0-301F-11D3-BF4B-00C04F79EFBC}") = "Modul002_2_Kontrollstrukturen", "Modul_002_2_Kontrollstrukturen\Modul002_2_Kontrollstrukturen.csproj", "{141AE65F-CC0E-4481-A130-2EB85D756749}"
EndProject
Project("{FAE04EC0-301F-11D3-BF4B-00C04F79EFBC}") = "Modul002_3_HalloSchleifen", "Modul002_3_HalloSchleifen\Modul002_3_HalloSchleifen.csproj", "{91523447-52D5-40EA-9436-C1DEE6A12348}"
EndProject
Project("{FAE04EC0-301F-11D3-BF4B-00C04F79EFBC}") = "Modul003_Enums_Switch", "Modul003_Enums_Switch\Modul003_Enums_Switch.csproj", "{380BA7D3-9064-456F-83D1-038C244BACA9}"
EndProject
Project("{FAE04EC0-301F-11D3-BF4B-00C04F79EFBC}") = "Tag1_Review_und_Extras", "Tag1_Review_und_Extrax\Tag1_Review_und_Extras.csproj", "{00CEBC65-6CEA-40E4-8868-EB0FFB910C6C}"
EndProject
Project("{FAE04EC0-301F-11D3-BF4B-00C04F79EFBC}") = "Modul004_1_Functions", "Modul004_1_Functions\Modul004_1_Functions.csproj", "{E6A62454-E8C9-4164-A85A-E47B137B3DEF}"
EndProject
Project("{FAE04EC0-301F-11D3-BF4B-00C04F79EFBC}") = "Modul004_Library", "Modul004_Library\Modul004_Library.csproj", "{970B7A66-3DE2-4077-916D-EBFBDC4B1F4A}"
EndProject
Project("{FAE04EC0-301F-11D3-BF4B-00C04F79EFBC}") = "Modul004_2_Class_Console", "Modul004_2_Class_Console\Modul004_2_Class_Console.csproj", "{42363E46-6E33-4E9A-913F-957FFB062259}"
EndProject
Project("{FAE04EC0-301F-11D3-BF4B-00C04F79EFBC}") = "Modul004_05_Polymorphie", "Modul004_05_Polymorphie\Modul004_05_Polymorphie.csproj", "{4A421653-C602-480C-95BF-284FFCD49A39}"
EndProject
Project("{FAE04EC0-301F-11D3-BF4B-00C04F79EFBC}") = "Modul004_3_VirtualOverride", "Modul004_3_VirtualOverride\Modul004_3_VirtualOverride.csproj", "{4D26D3C2-16CB-413F-99EE-84AC5E6B5243}"
EndProject
Project("{FAE04EC0-301F-11D3-BF4B-00C04F79EFBC}") = "Modul004_4_Abstract", "Modul004_4_Abstract\Modul004_4_Abstract.csproj", "{6F052853-A9A4-4655-9C5D-C1E2F889E92B}"
EndProject
Project("{FAE04EC0-301F-11D3-BF4B-00C04F79EFBC}") = "Modul005_1_GenericListen", "Modul005_1_GenericListen\Modul005_1_GenericListen.csproj", "{C2059852-E897-4661-B35B-10FBBF39BEC4}"
EndProject
Project("{FAE04EC0-301F-11D3-BF4B-00C04F79EFBC}") = "Modul006_Exception", "Modul006_Exception\Modul006_Exception.csproj", "{9BB80EFC-DAC2-434B-A4BA-DB1F3828560A}"
EndProject
Project("{FAE04EC0-301F-11D3-BF4B-00C04F79EFBC}") = "Modul006_Exception_WinFormBeispiel", "Modul006_Exception_WinFormBeispiel\Modul006_Exception_WinFormBeispiel.csproj", "{3FDAE015-50A0-4200-8B82-B6F6CA2C87C1}"
EndProject
Project("{FAE04EC0-301F-11D3-BF4B-00C04F79EFBC}") = "Modul006_Exception_WinFormBeispiel_Lib", "Modul006_Exception_WinFormBeispiel_Lib\Modul006_Exception_WinFormBeispiel_Lib.csproj", "{7AE408EC-CA2C-406C-A396-4489B6866C15}"
EndProject
Project("{FAE04EC0-301F-11D3-BF4B-00C04F79EFBC}") = "Extention_WinForm_ADONet", "Extention_WinForm_ADONet\Extention_WinForm_ADONet.csproj", "{43BB8F0E-8A73-489C-B943-F9902FA3A3C6}"
EndProject
Project("{FAE04EC0-301F-11D3-BF4B-00C04F79EFBC}") = "Modul004_UnitTestProject", "Modul004_UnitTestProject\Modul004_UnitTestProject.csproj", "{B370C8C3-F5BE-41D1-85B4-7368BFFC1F29}"
EndProject
Global
	GlobalSection(SolutionConfigurationPlatforms) = preSolution
		Debug|Any CPU = Debug|Any CPU
		Release|Any CPU = Release|Any CPU
	EndGlobalSection
	GlobalSection(ProjectConfigurationPlatforms) = postSolution
		{D738990E-89CD-4EAA-A978-2F952A0F995B}.Debug|Any CPU.ActiveCfg = Debug|Any CPU
		{D738990E-89CD-4EAA-A978-2F952A0F995B}.Debug|Any CPU.Build.0 = Debug|Any CPU
		{D738990E-89CD-4EAA-A978-2F952A0F995B}.Release|Any CPU.ActiveCfg = Release|Any CPU
		{D738990E-89CD-4EAA-A978-2F952A0F995B}.Release|Any CPU.Build.0 = Release|Any CPU
		{8D142DE9-3CCF-4BAF-8988-4919C99F42B3}.Debug|Any CPU.ActiveCfg = Debug|Any CPU
		{8D142DE9-3CCF-4BAF-8988-4919C99F42B3}.Debug|Any CPU.Build.0 = Debug|Any CPU
		{8D142DE9-3CCF-4BAF-8988-4919C99F42B3}.Release|Any CPU.ActiveCfg = Release|Any CPU
		{8D142DE9-3CCF-4BAF-8988-4919C99F42B3}.Release|Any CPU.Build.0 = Release|Any CPU
		{67FCC64E-E4D8-4B8F-B930-5C946F6563A6}.Debug|Any CPU.ActiveCfg = Debug|Any CPU
		{67FCC64E-E4D8-4B8F-B930-5C946F6563A6}.Debug|Any CPU.Build.0 = Debug|Any CPU
		{67FCC64E-E4D8-4B8F-B930-5C946F6563A6}.Release|Any CPU.ActiveCfg = Release|Any CPU
		{67FCC64E-E4D8-4B8F-B930-5C946F6563A6}.Release|Any CPU.Build.0 = Release|Any CPU
		{141AE65F-CC0E-4481-A130-2EB85D756749}.Debug|Any CPU.ActiveCfg = Debug|Any CPU
		{141AE65F-CC0E-4481-A130-2EB85D756749}.Debug|Any CPU.Build.0 = Debug|Any CPU
		{141AE65F-CC0E-4481-A130-2EB85D756749}.Release|Any CPU.ActiveCfg = Release|Any CPU
		{141AE65F-CC0E-4481-A130-2EB85D756749}.Release|Any CPU.Build.0 = Release|Any CPU
		{91523447-52D5-40EA-9436-C1DEE6A12348}.Debug|Any CPU.ActiveCfg = Debug|Any CPU
		{91523447-52D5-40EA-9436-C1DEE6A12348}.Debug|Any CPU.Build.0 = Debug|Any CPU
		{91523447-52D5-40EA-9436-C1DEE6A12348}.Release|Any CPU.ActiveCfg = Release|Any CPU
		{91523447-52D5-40EA-9436-C1DEE6A12348}.Release|Any CPU.Build.0 = Release|Any CPU
		{380BA7D3-9064-456F-83D1-038C244BACA9}.Debug|Any CPU.ActiveCfg = Debug|Any CPU
		{380BA7D3-9064-456F-83D1-038C244BACA9}.Debug|Any CPU.Build.0 = Debug|Any CPU
		{380BA7D3-9064-456F-83D1-038C244BACA9}.Release|Any CPU.ActiveCfg = Release|Any CPU
		{380BA7D3-9064-456F-83D1-038C244BACA9}.Release|Any CPU.Build.0 = Release|Any CPU
		{00CEBC65-6CEA-40E4-8868-EB0FFB910C6C}.Debug|Any CPU.ActiveCfg = Debug|Any CPU
		{00CEBC65-6CEA-40E4-8868-EB0FFB910C6C}.Debug|Any CPU.Build.0 = Debug|Any CPU
		{00CEBC65-6CEA-40E4-8868-EB0FFB910C6C}.Release|Any CPU.ActiveCfg = Release|Any CPU
		{00CEBC65-6CEA-40E4-8868-EB0FFB910C6C}.Release|Any CPU.Build.0 = Release|Any CPU
		{E6A62454-E8C9-4164-A85A-E47B137B3DEF}.Debug|Any CPU.ActiveCfg = Debug|Any CPU
		{E6A62454-E8C9-4164-A85A-E47B137B3DEF}.Debug|Any CPU.Build.0 = Debug|Any CPU
		{E6A62454-E8C9-4164-A85A-E47B137B3DEF}.Release|Any CPU.ActiveCfg = Release|Any CPU
		{E6A62454-E8C9-4164-A85A-E47B137B3DEF}.Release|Any CPU.Build.0 = Release|Any CPU
		{970B7A66-3DE2-4077-916D-EBFBDC4B1F4A}.Debug|Any CPU.ActiveCfg = Debug|Any CPU
		{970B7A66-3DE2-4077-916D-EBFBDC4B1F4A}.Debug|Any CPU.Build.0 = Debug|Any CPU
		{970B7A66-3DE2-4077-916D-EBFBDC4B1F4A}.Release|Any CPU.ActiveCfg = Release|Any CPU
		{970B7A66-3DE2-4077-916D-EBFBDC4B1F4A}.Release|Any CPU.Build.0 = Release|Any CPU
		{42363E46-6E33-4E9A-913F-957FFB062259}.Debug|Any CPU.ActiveCfg = Debug|Any CPU
		{42363E46-6E33-4E9A-913F-957FFB062259}.Debug|Any CPU.Build.0 = Debug|Any CPU
		{42363E46-6E33-4E9A-913F-957FFB062259}.Release|Any CPU.ActiveCfg = Release|Any CPU
		{42363E46-6E33-4E9A-913F-957FFB062259}.Release|Any CPU.Build.0 = Release|Any CPU
		{4A421653-C602-480C-95BF-284FFCD49A39}.Debug|Any CPU.ActiveCfg = Debug|Any CPU
		{4A421653-C602-480C-95BF-284FFCD49A39}.Debug|Any CPU.Build.0 = Debug|Any CPU
		{4A421653-C602-480C-95BF-284FFCD49A39}.Release|Any CPU.ActiveCfg = Release|Any CPU
		{4A421653-C602-480C-95BF-284FFCD49A39}.Release|Any CPU.Build.0 = Release|Any CPU
		{4D26D3C2-16CB-413F-99EE-84AC5E6B5243}.Debug|Any CPU.ActiveCfg = Debug|Any CPU
		{4D26D3C2-16CB-413F-99EE-84AC5E6B5243}.Debug|Any CPU.Build.0 = Debug|Any CPU
		{4D26D3C2-16CB-413F-99EE-84AC5E6B5243}.Release|Any CPU.ActiveCfg = Release|Any CPU
		{4D26D3C2-16CB-413F-99EE-84AC5E6B5243}.Release|Any CPU.Build.0 = Release|Any CPU
		{6F052853-A9A4-4655-9C5D-C1E2F889E92B}.Debug|Any CPU.ActiveCfg = Debug|Any CPU
		{6F052853-A9A4-4655-9C5D-C1E2F889E92B}.Debug|Any CPU.Build.0 = Debug|Any CPU
		{6F052853-A9A4-4655-9C5D-C1E2F889E92B}.Release|Any CPU.ActiveCfg = Release|Any CPU
		{6F052853-A9A4-4655-9C5D-C1E2F889E92B}.Release|Any CPU.Build.0 = Release|Any CPU
		{C2059852-E897-4661-B35B-10FBBF39BEC4}.Debug|Any CPU.ActiveCfg = Debug|Any CPU
		{C2059852-E897-4661-B35B-10FBBF39BEC4}.Debug|Any CPU.Build.0 = Debug|Any CPU
		{C2059852-E897-4661-B35B-10FBBF39BEC4}.Release|Any CPU.ActiveCfg = Release|Any CPU
		{C2059852-E897-4661-B35B-10FBBF39BEC4}.Release|Any CPU.Build.0 = Release|Any CPU
		{9BB80EFC-DAC2-434B-A4BA-DB1F3828560A}.Debug|Any CPU.ActiveCfg = Debug|Any CPU
		{9BB80EFC-DAC2-434B-A4BA-DB1F3828560A}.Debug|Any CPU.Build.0 = Debug|Any CPU
		{9BB80EFC-DAC2-434B-A4BA-DB1F3828560A}.Release|Any CPU.ActiveCfg = Release|Any CPU
		{9BB80EFC-DAC2-434B-A4BA-DB1F3828560A}.Release|Any CPU.Build.0 = Release|Any CPU
		{3FDAE015-50A0-4200-8B82-B6F6CA2C87C1}.Debug|Any CPU.ActiveCfg = Debug|Any CPU
		{3FDAE015-50A0-4200-8B82-B6F6CA2C87C1}.Debug|Any CPU.Build.0 = Debug|Any CPU
		{3FDAE015-50A0-4200-8B82-B6F6CA2C87C1}.Release|Any CPU.ActiveCfg = Release|Any CPU
		{3FDAE015-50A0-4200-8B82-B6F6CA2C87C1}.Release|Any CPU.Build.0 = Release|Any CPU
		{7AE408EC-CA2C-406C-A396-4489B6866C15}.Debug|Any CPU.ActiveCfg = Debug|Any CPU
		{7AE408EC-CA2C-406C-A396-4489B6866C15}.Debug|Any CPU.Build.0 = Debug|Any CPU
		{7AE408EC-CA2C-406C-A396-4489B6866C15}.Release|Any CPU.ActiveCfg = Release|Any CPU
		{7AE408EC-CA2C-406C-A396-4489B6866C15}.Release|Any CPU.Build.0 = Release|Any CPU
		{43BB8F0E-8A73-489C-B943-F9902FA3A3C6}.Debug|Any CPU.ActiveCfg = Debug|Any CPU
		{43BB8F0E-8A73-489C-B943-F9902FA3A3C6}.Debug|Any CPU.Build.0 = Debug|Any CPU
		{43BB8F0E-8A73-489C-B943-F9902FA3A3C6}.Release|Any CPU.ActiveCfg = Release|Any CPU
		{43BB8F0E-8A73-489C-B943-F9902FA3A3C6}.Release|Any CPU.Build.0 = Release|Any CPU
		{B370C8C3-F5BE-41D1-85B4-7368BFFC1F29}.Debug|Any CPU.ActiveCfg = Debug|Any CPU
		{B370C8C3-F5BE-41D1-85B4-7368BFFC1F29}.Debug|Any CPU.Build.0 = Debug|Any CPU
		{B370C8C3-F5BE-41D1-85B4-7368BFFC1F29}.Release|Any CPU.ActiveCfg = Release|Any CPU
		{B370C8C3-F5BE-41D1-85B4-7368BFFC1F29}.Release|Any CPU.Build.0 = Release|Any CPU
	EndGlobalSection
	GlobalSection(SolutionProperties) = preSolution
		HideSolutionNode = FALSE
	EndGlobalSection
	GlobalSection(ExtensibilityGlobals) = postSolution
		SolutionGuid = {FDD013DB-25A2-4A87-9B01-4AC6858E2E4B}
	EndGlobalSection
EndGlobal
